
Microsoft Visual Studio Solution File, Format Version 12.00
# Visual Studio Version 16
VisualStudioVersion = 16.0.32901.82
MinimumVisualStudioVersion = 10.0.40219.1
Project("{FAE04EC0-301F-11D3-BF4B-00C04F79EFBC}") = "Assignment6", "Assignment6\Assignment6.csproj", "{B222A219-0D24-4CC1-BD9F-1165DA9791DE}"
EndProject
Global
	GlobalSection(SolutionConfigurationPlatforms) = preSolution
		Debug|Any CPU = Debug|Any CPU
		Release|Any CPU = Release|Any CPU
	EndGlobalSection
	GlobalSection(ProjectConfigurationPlatforms) = postSolution
		{B222A219-0D24-4CC1-BD9F-1165DA9791DE}.Debug|Any CPU.ActiveCfg = Debug|Any CPU
		{B222A219-0D24-4CC1-BD9F-1165DA9791DE}.Debug|Any CPU.Build.0 = Debug|Any CPU
		{B222A219-0D24-4CC1-BD9F-1165DA9791DE}.Release|Any CPU.ActiveCfg = Release|Any CPU
		{B222A219-0D24-4CC1-BD9F-1165DA9791DE}.Release|Any CPU.Build.0 = Release|Any CPU
	EndGlobalSection
	GlobalSection(SolutionProperties) = preSolution
		HideSolutionNode = FALSE
	EndGlobalSection
	GlobalSection(ExtensibilityGlobals) = postSolution
		SolutionGuid = {82B1DDD8-85C3-4FDA-99B0-5D0A2422F8BE}
	EndGlobalSection
EndGlobal
